# This file is generated by running "yarn install" inside your project.
# Manual changes might be lost - proceed with caution!

__metadata:
  version: 8
  cacheKey: 10c0

"@discordjs/builders@npm:^1.11.2":
  version: 1.11.2
  resolution: "@discordjs/builders@npm:1.11.2"
  dependencies:
    "@discordjs/formatters": "npm:^0.6.1"
    "@discordjs/util": "npm:^1.1.1"
    "@sapphire/shapeshift": "npm:^4.0.0"
    discord-api-types: "npm:^0.38.1"
    fast-deep-equal: "npm:^3.1.3"
    ts-mixer: "npm:^6.0.4"
    tslib: "npm:^2.6.3"
  checksum: 10c0/7315f7e946cabff111e7e319890b0456d1cbbe850104a9caf00b5ec5d5dd1e233cee14aeb431e0d8853d3e488eac54949fb91f0af0ac1771475c5efa61baaf55
  languageName: node
  linkType: hard

"@discordjs/collection@npm:1.5.3":
  version: 1.5.3
  resolution: "@discordjs/collection@npm:1.5.3"
  checksum: 10c0/54338e005e9a1c6a5c91464cbcc378a5bf74410ad5b8bba1961b80d0ec8f1eb1b768ea737ad03bcb62430ea84aa5561523318b739538b334115ed775630ca42c
  languageName: node
  linkType: hard

"@discordjs/collection@npm:^2.1.0, @discordjs/collection@npm:^2.1.1":
  version: 2.1.1
  resolution: "@discordjs/collection@npm:2.1.1"
  checksum: 10c0/7bbb007271a046c981957b4a0543f6ca7e4c294a2d40987437ff06db5e92dbf35b8dc61719db2a7bc99557a58275742aa34be9f50487870a6e80acfc4fe45fa1
  languageName: node
  linkType: hard

"@discordjs/formatters@npm:^0.6.1":
  version: 0.6.1
  resolution: "@discordjs/formatters@npm:0.6.1"
  dependencies:
    discord-api-types: "npm:^0.38.1"
  checksum: 10c0/463759a10be7af9c82862f17f611aa1c737aa8dbd31816c89e9ce14c79eef0f86f57a18c3a64e180c03f9a482aa790427a4c7584dc09e76482b328da012561c2
  languageName: node
  linkType: hard

"@discordjs/rest@npm:^2.5.1":
  version: 2.5.1
  resolution: "@discordjs/rest@npm:2.5.1"
  dependencies:
    "@discordjs/collection": "npm:^2.1.1"
    "@discordjs/util": "npm:^1.1.1"
    "@sapphire/async-queue": "npm:^1.5.3"
    "@sapphire/snowflake": "npm:^3.5.3"
    "@vladfrangu/async_event_emitter": "npm:^2.4.6"
    discord-api-types: "npm:^0.38.1"
    magic-bytes.js: "npm:^1.10.0"
    tslib: "npm:^2.6.3"
    undici: "npm:6.21.3"
  checksum: 10c0/5eb7c97e8c731ae36c73de502e27d6fe660656bc3c457a6bc2a444c13d650c2ac613744b436dbf43c67104f9e9426e3c306d917b29109e19672c3e394cf70be2
  languageName: node
  linkType: hard

"@discordjs/util@npm:^1.1.0, @discordjs/util@npm:^1.1.1":
  version: 1.1.1
  resolution: "@discordjs/util@npm:1.1.1"
  checksum: 10c0/a374648aae0dd98345996f41891add0523388297a6f6b99c7a37c83de4d832d91a464195502126967fac0f071e5ecb80f776ee42a887fffa9c5c0f4612381b98
  languageName: node
  linkType: hard

"@discordjs/ws@npm:^1.2.3":
  version: 1.2.3
  resolution: "@discordjs/ws@npm:1.2.3"
  dependencies:
    "@discordjs/collection": "npm:^2.1.0"
    "@discordjs/rest": "npm:^2.5.1"
    "@discordjs/util": "npm:^1.1.0"
    "@sapphire/async-queue": "npm:^1.5.2"
    "@types/ws": "npm:^8.5.10"
    "@vladfrangu/async_event_emitter": "npm:^2.2.4"
    discord-api-types: "npm:^0.38.1"
    tslib: "npm:^2.6.2"
    ws: "npm:^8.17.0"
  checksum: 10c0/3add9b8e24174617149b515ad3a470b64d7286023d96b85c8387b40b3aaf3975f15b121fc1b49841e85b55c519f2b6e9050d1711f34fd65f33652fdde42a4752
  languageName: node
  linkType: hard

"@isaacs/balanced-match@npm:^4.0.1":
  version: 4.0.1
  resolution: "@isaacs/balanced-match@npm:4.0.1"
  checksum: 10c0/7da011805b259ec5c955f01cee903da72ad97c5e6f01ca96197267d3f33103d5b2f8a1af192140f3aa64526c593c8d098ae366c2b11f7f17645d12387c2fd420
  languageName: node
  linkType: hard

"@isaacs/brace-expansion@npm:^5.0.0":
  version: 5.0.0
  resolution: "@isaacs/brace-expansion@npm:5.0.0"
  dependencies:
    "@isaacs/balanced-match": "npm:^4.0.1"
  checksum: 10c0/b4d4812f4be53afc2c5b6c545001ff7a4659af68d4484804e9d514e183d20269bb81def8682c01a22b17c4d6aed14292c8494f7d2ac664e547101c1a905aa977
  languageName: node
  linkType: hard

"@isaacs/cliui@npm:^8.0.2":
  version: 8.0.2
  resolution: "@isaacs/cliui@npm:8.0.2"
  dependencies:
    string-width: "npm:^5.1.2"
    string-width-cjs: "npm:string-width@^4.2.0"
    strip-ansi: "npm:^7.0.1"
    strip-ansi-cjs: "npm:strip-ansi@^6.0.1"
    wrap-ansi: "npm:^8.1.0"
    wrap-ansi-cjs: "npm:wrap-ansi@^7.0.0"
  checksum: 10c0/b1bf42535d49f11dc137f18d5e4e63a28c5569de438a221c369483731e9dac9fb797af554e8bf02b6192d1e5eba6e6402cf93900c3d0ac86391d00d04876789e
  languageName: node
  linkType: hard

"@sapphire/async-queue@npm:^1.5.2, @sapphire/async-queue@npm:^1.5.3":
  version: 1.5.5
  resolution: "@sapphire/async-queue@npm:1.5.5"
  checksum: 10c0/4d61cbd90513e25f60ec611cd6c85b62a85b58c227c14050bcaeb4141a472fddb1da32dea5c4769cd213b97a5b83a076af333cbbe90efb97973d9fce47ef3ef0
  languageName: node
  linkType: hard

"@sapphire/shapeshift@npm:^4.0.0":
  version: 4.0.0
  resolution: "@sapphire/shapeshift@npm:4.0.0"
  dependencies:
    fast-deep-equal: "npm:^3.1.3"
    lodash: "npm:^4.17.21"
  checksum: 10c0/2abbfd20977e800455108688e45fff7b7c6e197256c8f8a54db90025a900914908b5fa4ffcbd1eacb4c692792cbed980613aa878e09f1fd87ab5052b6a6d6bce
  languageName: node
  linkType: hard

"@sapphire/snowflake@npm:3.5.3":
  version: 3.5.3
  resolution: "@sapphire/snowflake@npm:3.5.3"
  checksum: 10c0/361b6a3e16eea4eb48b2608005ce397d4163065ccd84077059a0f609b97fb9cc52a173d7a64bbfce6f5d1e77be0f9704fd72ef64683a3dc7e455e9b4a1c90db1
  languageName: node
  linkType: hard

"@sapphire/snowflake@npm:^3.5.3":
  version: 3.5.5
  resolution: "@sapphire/snowflake@npm:3.5.5"
  checksum: 10c0/ca6be43c4d90e7c5843bb6aaed59df5cae796404b6948a0fd03caa841d1fded20b64ef84a9df93325b1c4a01165956a3a4b4cb5d7387efee1611fa09488c7068
  languageName: node
  linkType: hard

"@types/node@npm:*":
  version: 24.1.0
  resolution: "@types/node@npm:24.1.0"
  dependencies:
    undici-types: "npm:~7.8.0"
  checksum: 10c0/6c4686bc144f6ce7bffd4cadc3e1196e2217c1da4c639c637213719c8a3ee58b6c596b994befcbffeacd9d9eb0c3bff6529d2bc27da5d1cb9d58b1da0056f9f4
  languageName: node
  linkType: hard

"@types/ws@npm:^8.5.10":
  version: 8.18.1
  resolution: "@types/ws@npm:8.18.1"
  dependencies:
    "@types/node": "npm:*"
  checksum: 10c0/61aff1129143fcc4312f083bc9e9e168aa3026b7dd6e70796276dcfb2c8211c4292603f9c4864fae702f2ed86e4abd4d38aa421831c2fd7f856c931a481afbab
  languageName: node
  linkType: hard

"@vladfrangu/async_event_emitter@npm:^2.2.4, @vladfrangu/async_event_emitter@npm:^2.4.6":
  version: 2.4.6
  resolution: "@vladfrangu/async_event_emitter@npm:2.4.6"
  checksum: 10c0/1fe634878902da584493ecb8e81c855436c002b215dd7c25c21780930fc5621ebe8eb79d5b899a56af0d1ea9ea9171e35175221e4438e2f56c67ce64d4b8a373
  languageName: node
  linkType: hard

"ansi-regex@npm:^5.0.1":
  version: 5.0.1
  resolution: "ansi-regex@npm:5.0.1"
  checksum: 10c0/9a64bb8627b434ba9327b60c027742e5d17ac69277960d041898596271d992d4d52ba7267a63ca10232e29f6107fc8a835f6ce8d719b88c5f8493f8254813737
  languageName: node
  linkType: hard

"ansi-regex@npm:^6.0.1":
  version: 6.1.0
  resolution: "ansi-regex@npm:6.1.0"
  checksum: 10c0/a91daeddd54746338478eef88af3439a7edf30f8e23196e2d6ed182da9add559c601266dbef01c2efa46a958ad6f1f8b176799657616c702b5b02e799e7fd8dc
  languageName: node
  linkType: hard

"ansi-styles@npm:^4.0.0":
  version: 4.3.0
  resolution: "ansi-styles@npm:4.3.0"
  dependencies:
    color-convert: "npm:^2.0.1"
  checksum: 10c0/895a23929da416f2bd3de7e9cb4eabd340949328ab85ddd6e484a637d8f6820d485f53933446f5291c3b760cbc488beb8e88573dd0f9c7daf83dccc8fe81b041
  languageName: node
  linkType: hard

"ansi-styles@npm:^6.1.0":
  version: 6.2.1
  resolution: "ansi-styles@npm:6.2.1"
  checksum: 10c0/5d1ec38c123984bcedd996eac680d548f31828bd679a66db2bdf11844634dde55fec3efa9c6bb1d89056a5e79c1ac540c4c784d592ea1d25028a92227d2f2d5c
  languageName: node
  linkType: hard

"color-convert@npm:^2.0.1":
  version: 2.0.1
  resolution: "color-convert@npm:2.0.1"
  dependencies:
    color-name: "npm:~1.1.4"
  checksum: 10c0/37e1150172f2e311fe1b2df62c6293a342ee7380da7b9cfdba67ea539909afbd74da27033208d01d6d5cfc65ee7868a22e18d7e7648e004425441c0f8a15a7d7
  languageName: node
  linkType: hard

"color-name@npm:~1.1.4":
  version: 1.1.4
  resolution: "color-name@npm:1.1.4"
  checksum: 10c0/a1a3f914156960902f46f7f56bc62effc6c94e84b2cae157a526b1c1f74b677a47ec602bf68a61abfa2b42d15b7c5651c6dbe72a43af720bc588dff885b10f95
  languageName: node
  linkType: hard

"core-discord-bot@workspace:.":
  version: 0.0.0-use.local
  resolution: "core-discord-bot@workspace:."
  dependencies:
    discord.js: "npm:^14.21.0"
    dotenv: "npm:^17.2.1"
    rimraf: "npm:^6.0.1"
    typescript: "npm:^5.8.3"
  languageName: unknown
  linkType: soft

"cross-spawn@npm:^7.0.6":
  version: 7.0.6
  resolution: "cross-spawn@npm:7.0.6"
  dependencies:
    path-key: "npm:^3.1.0"
    shebang-command: "npm:^2.0.0"
    which: "npm:^2.0.1"
  checksum: 10c0/053ea8b2135caff68a9e81470e845613e374e7309a47731e81639de3eaeb90c3d01af0e0b44d2ab9d50b43467223b88567dfeb3262db942dc063b9976718ffc1
  languageName: node
  linkType: hard

"discord-api-types@npm:^0.38.1":
  version: 0.38.17
  resolution: "discord-api-types@npm:0.38.17"
  checksum: 10c0/883f635b333cc99d2305bdff31da42d52130234667960a20d49c6de760ec6ac78cc63a2d107770d4c69d12cbedb02d45dddea328b0e8cfc8148800485e0adae6
  languageName: node
  linkType: hard

"discord.js@npm:^14.21.0":
  version: 14.21.0
  resolution: "discord.js@npm:14.21.0"
  dependencies:
    "@discordjs/builders": "npm:^1.11.2"
    "@discordjs/collection": "npm:1.5.3"
    "@discordjs/formatters": "npm:^0.6.1"
    "@discordjs/rest": "npm:^2.5.1"
    "@discordjs/util": "npm:^1.1.1"
    "@discordjs/ws": "npm:^1.2.3"
    "@sapphire/snowflake": "npm:3.5.3"
    discord-api-types: "npm:^0.38.1"
    fast-deep-equal: "npm:3.1.3"
    lodash.snakecase: "npm:4.1.1"
    magic-bytes.js: "npm:^1.10.0"
    tslib: "npm:^2.6.3"
    undici: "npm:6.21.3"
  checksum: 10c0/35d89b66ec427ecc972f9141540774af6c6a5bf177bdbb5c948efbf838ec074204fb4610227f0f8405336d66706ba17f7280aedf00cccd858ef5c1048d861b34
  languageName: node
  linkType: hard

"dotenv@npm:^17.2.1":
  version: 17.2.1
  resolution: "dotenv@npm:17.2.1"
  checksum: 10c0/918dd2f9d8b8f86b0afabad9534793d51de3718c437f9e7b6525628cf68c1d4ae768cc37a5afff38c066f58a8ecf549f4ac6cd5617485bd328e826112cc2650a
  languageName: node
  linkType: hard

"eastasianwidth@npm:^0.2.0":
  version: 0.2.0
  resolution: "eastasianwidth@npm:0.2.0"
  checksum: 10c0/26f364ebcdb6395f95124fda411f63137a4bfb5d3a06453f7f23dfe52502905bd84e0488172e0f9ec295fdc45f05c23d5d91baf16bd26f0fe9acd777a188dc39
  languageName: node
  linkType: hard

"emoji-regex@npm:^8.0.0":
  version: 8.0.0
  resolution: "emoji-regex@npm:8.0.0"
  checksum: 10c0/b6053ad39951c4cf338f9092d7bfba448cdfd46fe6a2a034700b149ac9ffbc137e361cbd3c442297f86bed2e5f7576c1b54cc0a6bf8ef5106cc62f496af35010
  languageName: node
  linkType: hard

"emoji-regex@npm:^9.2.2":
  version: 9.2.2
  resolution: "emoji-regex@npm:9.2.2"
  checksum: 10c0/af014e759a72064cf66e6e694a7fc6b0ed3d8db680427b021a89727689671cefe9d04151b2cad51dbaf85d5ba790d061cd167f1cf32eb7b281f6368b3c181639
  languageName: node
  linkType: hard

"fast-deep-equal@npm:3.1.3, fast-deep-equal@npm:^3.1.3":
  version: 3.1.3
  resolution: "fast-deep-equal@npm:3.1.3"
  checksum: 10c0/40dedc862eb8992c54579c66d914635afbec43350afbbe991235fdcb4e3a8d5af1b23ae7e79bef7d4882d0ecee06c3197488026998fb19f72dc95acff1d1b1d0
  languageName: node
  linkType: hard

"foreground-child@npm:^3.3.1":
  version: 3.3.1
  resolution: "foreground-child@npm:3.3.1"
  dependencies:
    cross-spawn: "npm:^7.0.6"
    signal-exit: "npm:^4.0.1"
  checksum: 10c0/8986e4af2430896e65bc2788d6679067294d6aee9545daefc84923a0a4b399ad9c7a3ea7bd8c0b2b80fdf4a92de4c69df3f628233ff3224260e9c1541a9e9ed3
  languageName: node
  linkType: hard

"glob@npm:^11.0.0":
  version: 11.0.3
  resolution: "glob@npm:11.0.3"
  dependencies:
    foreground-child: "npm:^3.3.1"
    jackspeak: "npm:^4.1.1"
    minimatch: "npm:^10.0.3"
    minipass: "npm:^7.1.2"
    package-json-from-dist: "npm:^1.0.0"
    path-scurry: "npm:^2.0.0"
  bin:
    glob: dist/esm/bin.mjs
  checksum: 10c0/7d24457549ec2903920dfa3d8e76850e7c02aa709122f0164b240c712f5455c0b457e6f2a1eee39344c6148e39895be8094ae8cfef7ccc3296ed30bce250c661
  languageName: node
  linkType: hard

"is-fullwidth-code-point@npm:^3.0.0":
  version: 3.0.0
  resolution: "is-fullwidth-code-point@npm:3.0.0"
  checksum: 10c0/bb11d825e049f38e04c06373a8d72782eee0205bda9d908cc550ccb3c59b99d750ff9537982e01733c1c94a58e35400661f57042158ff5e8f3e90cf936daf0fc
  languageName: node
  linkType: hard

"isexe@npm:^2.0.0":
  version: 2.0.0
  resolution: "isexe@npm:2.0.0"
  checksum: 10c0/228cfa503fadc2c31596ab06ed6aa82c9976eec2bfd83397e7eaf06d0ccf42cd1dfd6743bf9aeb01aebd4156d009994c5f76ea898d2832c1fe342da923ca457d
  languageName: node
  linkType: hard

"jackspeak@npm:^4.1.1":
  version: 4.1.1
  resolution: "jackspeak@npm:4.1.1"
  dependencies:
    "@isaacs/cliui": "npm:^8.0.2"
  checksum: 10c0/84ec4f8e21d6514db24737d9caf65361511f75e5e424980eebca4199f400874f45e562ac20fa8aeb1dd20ca2f3f81f0788b6e9c3e64d216a5794fd6f30e0e042
  languageName: node
  linkType: hard

"lodash.snakecase@npm:4.1.1":
  version: 4.1.1
  resolution: "lodash.snakecase@npm:4.1.1"
  checksum: 10c0/f0b3f2497eb20eea1a1cfc22d645ecaeb78ac14593eb0a40057977606d2f35f7aaff0913a06553c783b535aafc55b718f523f9eb78f8d5293f492af41002eaf9
  languageName: node
  linkType: hard

"lodash@npm:^4.17.21":
  version: 4.17.21
  resolution: "lodash@npm:4.17.21"
  checksum: 10c0/d8cbea072bb08655bb4c989da418994b073a608dffa608b09ac04b43a791b12aeae7cd7ad919aa4c925f33b48490b5cfe6c1f71d827956071dae2e7bb3a6b74c
  languageName: node
  linkType: hard

"lru-cache@npm:^11.0.0":
  version: 11.1.0
  resolution: "lru-cache@npm:11.1.0"
  checksum: 10c0/85c312f7113f65fae6a62de7985348649937eb34fb3d212811acbf6704dc322a421788aca253b62838f1f07049a84cc513d88f494e373d3756514ad263670a64
  languageName: node
  linkType: hard

"magic-bytes.js@npm:^1.10.0":
  version: 1.12.1
  resolution: "magic-bytes.js@npm:1.12.1"
  checksum: 10c0/c99fc520d796d7b3f554728050252ee515707ffcd66b7db7dc4b0632863416e6a60b947ac4f97846267171d2856da7ab6dbfb2b910567e5b6cf9910fc1099de4
  languageName: node
  linkType: hard

"minimatch@npm:^10.0.3":
  version: 10.0.3
  resolution: "minimatch@npm:10.0.3"
  dependencies:
    "@isaacs/brace-expansion": "npm:^5.0.0"
  checksum: 10c0/e43e4a905c5d70ac4cec8530ceaeccb9c544b1ba8ac45238e2a78121a01c17ff0c373346472d221872563204eabe929ad02669bb575cb1f0cc30facab369f70f
  languageName: node
  linkType: hard

"minipass@npm:^7.1.2":
  version: 7.1.2
  resolution: "minipass@npm:7.1.2"
  checksum: 10c0/b0fd20bb9fb56e5fa9a8bfac539e8915ae07430a619e4b86ff71f5fc757ef3924b23b2c4230393af1eda647ed3d75739e4e0acb250a6b1eb277cf7f8fe449557
  languageName: node
  linkType: hard

"package-json-from-dist@npm:^1.0.0":
  version: 1.0.1
  resolution: "package-json-from-dist@npm:1.0.1"
  checksum: 10c0/62ba2785eb655fec084a257af34dbe24292ab74516d6aecef97ef72d4897310bc6898f6c85b5cd22770eaa1ce60d55a0230e150fb6a966e3ecd6c511e23d164b
  languageName: node
  linkType: hard

"path-key@npm:^3.1.0":
  version: 3.1.1
  resolution: "path-key@npm:3.1.1"
  checksum: 10c0/748c43efd5a569c039d7a00a03b58eecd1d75f3999f5a28303d75f521288df4823bc057d8784eb72358b2895a05f29a070bc9f1f17d28226cc4e62494cc58c4c
  languageName: node
  linkType: hard

"path-scurry@npm:^2.0.0":
  version: 2.0.0
  resolution: "path-scurry@npm:2.0.0"
  dependencies:
    lru-cache: "npm:^11.0.0"
    minipass: "npm:^7.1.2"
  checksum: 10c0/3da4adedaa8e7ef8d6dc4f35a0ff8f05a9b4d8365f2b28047752b62d4c1ad73eec21e37b1579ef2d075920157856a3b52ae8309c480a6f1a8bbe06ff8e52b33c
  languageName: node
  linkType: hard

"rimraf@npm:^6.0.1":
  version: 6.0.1
  resolution: "rimraf@npm:6.0.1"
  dependencies:
    glob: "npm:^11.0.0"
    package-json-from-dist: "npm:^1.0.0"
  bin:
    rimraf: dist/esm/bin.mjs
  checksum: 10c0/b30b6b072771f0d1e73b4ca5f37bb2944ee09375be9db5f558fcd3310000d29dfcfa93cf7734d75295ad5a7486dc8e40f63089ced1722a664539ffc0c3ece8c6
  languageName: node
  linkType: hard

"shebang-command@npm:^2.0.0":
  version: 2.0.0
  resolution: "shebang-command@npm:2.0.0"
  dependencies:
    shebang-regex: "npm:^3.0.0"
  checksum: 10c0/a41692e7d89a553ef21d324a5cceb5f686d1f3c040759c50aab69688634688c5c327f26f3ecf7001ebfd78c01f3c7c0a11a7c8bfd0a8bc9f6240d4f40b224e4e
  languageName: node
  linkType: hard

"shebang-regex@npm:^3.0.0":
  version: 3.0.0
  resolution: "shebang-regex@npm:3.0.0"
  checksum: 10c0/1dbed0726dd0e1152a92696c76c7f06084eb32a90f0528d11acd764043aacf76994b2fb30aa1291a21bd019d6699164d048286309a278855ee7bec06cf6fb690
  languageName: node
  linkType: hard

"signal-exit@npm:^4.0.1":
  version: 4.1.0
  resolution: "signal-exit@npm:4.1.0"
  checksum: 10c0/41602dce540e46d599edba9d9860193398d135f7ff72cab629db5171516cfae628d21e7bfccde1bbfdf11c48726bc2a6d1a8fb8701125852fbfda7cf19c6aa83
  languageName: node
  linkType: hard

"string-width-cjs@npm:string-width@^4.2.0, string-width@npm:^4.1.0":
  version: 4.2.3
  resolution: "string-width@npm:4.2.3"
  dependencies:
    emoji-regex: "npm:^8.0.0"
    is-fullwidth-code-point: "npm:^3.0.0"
    strip-ansi: "npm:^6.0.1"
  checksum: 10c0/1e525e92e5eae0afd7454086eed9c818ee84374bb80328fc41217ae72ff5f065ef1c9d7f72da41de40c75fa8bb3dee63d92373fd492c84260a552c636392a47b
  languageName: node
  linkType: hard

"string-width@npm:^5.0.1, string-width@npm:^5.1.2":
  version: 5.1.2
  resolution: "string-width@npm:5.1.2"
  dependencies:
    eastasianwidth: "npm:^0.2.0"
    emoji-regex: "npm:^9.2.2"
    strip-ansi: "npm:^7.0.1"
  checksum: 10c0/ab9c4264443d35b8b923cbdd513a089a60de339216d3b0ed3be3ba57d6880e1a192b70ae17225f764d7adbf5994e9bb8df253a944736c15a0240eff553c678ca
  languageName: node
  linkType: hard

"strip-ansi-cjs@npm:strip-ansi@^6.0.1, strip-ansi@npm:^6.0.0, strip-ansi@npm:^6.0.1":
  version: 6.0.1
  resolution: "strip-ansi@npm:6.0.1"
  dependencies:
    ansi-regex: "npm:^5.0.1"
  checksum: 10c0/1ae5f212a126fe5b167707f716942490e3933085a5ff6c008ab97ab2f272c8025d3aa218b7bd6ab25729ca20cc81cddb252102f8751e13482a5199e873680952
  languageName: node
  linkType: hard

"strip-ansi@npm:^7.0.1":
  version: 7.1.0
  resolution: "strip-ansi@npm:7.1.0"
  dependencies:
    ansi-regex: "npm:^6.0.1"
  checksum: 10c0/a198c3762e8832505328cbf9e8c8381de14a4fa50a4f9b2160138158ea88c0f5549fb50cb13c651c3088f47e63a108b34622ec18c0499b6c8c3a5ddf6b305ac4
  languageName: node
  linkType: hard

"ts-mixer@npm:^6.0.4":
  version: 6.0.4
  resolution: "ts-mixer@npm:6.0.4"
  checksum: 10c0/4c442fc99cdffd4a3f0ce55c624fb703f4ded5cab6912f97705489565c4a74d3e4213f10c33499ec5150900a628d38537a9a6a9e35b5045b65129a84b4db21ae
  languageName: node
  linkType: hard

"tslib@npm:^2.6.2, tslib@npm:^2.6.3":
  version: 2.8.1
  resolution: "tslib@npm:2.8.1"
  checksum: 10c0/9c4759110a19c53f992d9aae23aac5ced636e99887b51b9e61def52611732872ff7668757d4e4c61f19691e36f4da981cd9485e869b4a7408d689f6bf1f14e62
  languageName: node
  linkType: hard

"typescript@npm:^5.8.3":
  version: 5.8.3
  resolution: "typescript@npm:5.8.3"
  bin:
    tsc: bin/tsc
    tsserver: bin/tsserver
  checksum: 10c0/5f8bb01196e542e64d44db3d16ee0e4063ce4f3e3966df6005f2588e86d91c03e1fb131c2581baf0fb65ee79669eea6e161cd448178986587e9f6844446dbb48
  languageName: node
  linkType: hard

"typescript@patch:typescript@npm%3A^5.8.3#optional!builtin<compat/typescript>":
  version: 5.8.3
  resolution: "typescript@patch:typescript@npm%3A5.8.3#optional!builtin<compat/typescript>::version=5.8.3&hash=5786d5"
  bin:
    tsc: bin/tsc
    tsserver: bin/tsserver
  checksum: 10c0/39117e346ff8ebd87ae1510b3a77d5d92dae5a89bde588c747d25da5c146603a99c8ee588c7ef80faaf123d89ed46f6dbd918d534d641083177d5fac38b8a1cb
  languageName: node
  linkType: hard

"undici-types@npm:~7.8.0":
  version: 7.8.0
  resolution: "undici-types@npm:7.8.0"
  checksum: 10c0/9d9d246d1dc32f318d46116efe3cfca5a72d4f16828febc1918d94e58f6ffcf39c158aa28bf5b4fc52f410446bc7858f35151367bd7a49f21746cab6497b709b
  languageName: node
  linkType: hard

"undici@npm:6.21.3":
  version: 6.21.3
  resolution: "undici@npm:6.21.3"
  checksum: 10c0/294da109853fad7a6ef5a172ad0ca3fb3f1f60cf34703d062a5ec967daf69ad8c03b52e6d536c5cba3bb65615769bf08e5b30798915cbccdddaca01045173dda
  languageName: node
  linkType: hard

"which@npm:^2.0.1":
  version: 2.0.2
  resolution: "which@npm:2.0.2"
  dependencies:
    isexe: "npm:^2.0.0"
  bin:
    node-which: ./bin/node-which
  checksum: 10c0/66522872a768b60c2a65a57e8ad184e5372f5b6a9ca6d5f033d4b0dc98aff63995655a7503b9c0a2598936f532120e81dd8cc155e2e92ed662a2b9377cc4374f
  languageName: node
  linkType: hard

"wrap-ansi-cjs@npm:wrap-ansi@^7.0.0":
  version: 7.0.0
  resolution: "wrap-ansi@npm:7.0.0"
  dependencies:
    ansi-styles: "npm:^4.0.0"
    string-width: "npm:^4.1.0"
    strip-ansi: "npm:^6.0.0"
  checksum: 10c0/d15fc12c11e4cbc4044a552129ebc75ee3f57aa9c1958373a4db0292d72282f54373b536103987a4a7594db1ef6a4f10acf92978f79b98c49306a4b58c77d4da
  languageName: node
  linkType: hard

"wrap-ansi@npm:^8.1.0":
  version: 8.1.0
  resolution: "wrap-ansi@npm:8.1.0"
  dependencies:
    ansi-styles: "npm:^6.1.0"
    string-width: "npm:^5.0.1"
    strip-ansi: "npm:^7.0.1"
  checksum: 10c0/138ff58a41d2f877eae87e3282c0630fc2789012fc1af4d6bd626eeb9a2f9a65ca92005e6e69a75c7b85a68479fe7443c7dbe1eb8fbaa681a4491364b7c55c60
  languageName: node
  linkType: hard

"ws@npm:^8.17.0":
  version: 8.18.3
  resolution: "ws@npm:8.18.3"
  peerDependencies:
    bufferutil: ^4.0.1
    utf-8-validate: ">=5.0.2"
  peerDependenciesMeta:
    bufferutil:
      optional: true
    utf-8-validate:
      optional: true
  checksum: 10c0/eac918213de265ef7cb3d4ca348b891a51a520d839aa51cdb8ca93d4fa7ff9f6ccb339ccee89e4075324097f0a55157c89fa3f7147bde9d8d7e90335dc087b53
  languageName: node
  linkType: hard
